
Microsoft Visual Studio Solution File, Format Version 12.00
# Visual Studio Version 17
VisualStudioVersion = 17.1.32328.378
MinimumVisualStudioVersion = 10.0.40219.1
Project("{9A19103F-16F7-4668-BE54-9A1E7A4F7556}") = "OOPS", "OOPS.csproj", "{154EDFEA-2902-410E-AB74-2FEB0195F0E5}"
EndProject
Global
	GlobalSection(SolutionConfigurationPlatforms) = preSolution
		Debug|Any CPU = Debug|Any CPU
		Release|Any CPU = Release|Any CPU
	EndGlobalSection
	GlobalSection(ProjectConfigurationPlatforms) = postSolution
		{154EDFEA-2902-410E-AB74-2FEB0195F0E5}.Debug|Any CPU.ActiveCfg = Debug|Any CPU
		{154EDFEA-2902-410E-AB74-2FEB0195F0E5}.Debug|Any CPU.Build.0 = Debug|Any CPU
		{154EDFEA-2902-410E-AB74-2FEB0195F0E5}.Release|Any CPU.ActiveCfg = Release|Any CPU
		{154EDFEA-2902-410E-AB74-2FEB0195F0E5}.Release|Any CPU.Build.0 = Release|Any CPU
	EndGlobalSection
	GlobalSection(SolutionProperties) = preSolution
		HideSolutionNode = FALSE
	EndGlobalSection
	GlobalSection(ExtensibilityGlobals) = postSolution
		SolutionGuid = {3530CC59-64DC-49EB-9EFE-E23B31693EE7}
	EndGlobalSection
EndGlobal
